
Microsoft Visual Studio Solution File, Format Version 12.00
# Visual Studio Version 17
VisualStudioVersion = 17.2.32526.322
MinimumVisualStudioVersion = 10.0.40219.1
Project("{FAE04EC0-301F-11D3-BF4B-00C04F79EFBC}") = "Test", "Test\Test.csproj", "{8958A83B-91C8-456A-B58B-07934C0F2B54}"
EndProject
Global
	GlobalSection(SolutionConfigurationPlatforms) = preSolution
		Debug|Any CPU = Debug|Any CPU
		Release|Any CPU = Release|Any CPU
	EndGlobalSection
	GlobalSection(ProjectConfigurationPlatforms) = postSolution
		{8958A83B-91C8-456A-B58B-07934C0F2B54}.Debug|Any CPU.ActiveCfg = Debug|Any CPU
		{8958A83B-91C8-456A-B58B-07934C0F2B54}.Debug|Any CPU.Build.0 = Debug|Any CPU
		{8958A83B-91C8-456A-B58B-07934C0F2B54}.Release|Any CPU.ActiveCfg = Release|Any CPU
		{8958A83B-91C8-456A-B58B-07934C0F2B54}.Release|Any CPU.Build.0 = Release|Any CPU
	EndGlobalSection
	GlobalSection(SolutionProperties) = preSolution
		HideSolutionNode = FALSE
	EndGlobalSection
	GlobalSection(ExtensibilityGlobals) = postSolution
		SolutionGuid = {FFAA0CA7-A2E0-4E17-AD52-0576B72FA3B3}
	EndGlobalSection
EndGlobal
